
Microsoft Visual Studio Solution File, Format Version 12.00
# Visual Studio Version 16
VisualStudioVersion = 16.0.30523.141
MinimumVisualStudioVersion = 10.0.40219.1
Project("{8BC9CEB8-8B4A-11D0-8D11-00A0C91BC942}") = "01window", "01window\01window.vcxproj", "{548E7575-E985-4148-83D4-A432489DEC63}"
EndProject
Project("{8BC9CEB8-8B4A-11D0-8D11-00A0C91BC942}") = "00unicode", "00unicode\00unicode.vcxproj", "{166AC195-48BC-4794-BD74-BD627DD98BF9}"
EndProject
Project("{8BC9CEB8-8B4A-11D0-8D11-00A0C91BC942}") = "02window", "02window\02window.vcxproj", "{F9F0E6CE-3CF6-4315-BF77-B1D15B0B2965}"
EndProject
Project("{8BC9CEB8-8B4A-11D0-8D11-00A0C91BC942}") = "03opendialog", "03opendialog\03opendialog.vcxproj", "{9A063B6C-84E7-4ECF-92C5-8F9D9EE75D05}"
EndProject
Project("{8BC9CEB8-8B4A-11D0-8D11-00A0C91BC942}") = "04d2dcircle", "04d2dcircle\04d2dcircle.vcxproj", "{D43D6A22-8C21-43FB-9648-AA7706EFC1AC}"
EndProject
Project("{8BC9CEB8-8B4A-11D0-8D11-00A0C91BC942}") = "05d2dclock", "05d2dclock\05d2dclock.vcxproj", "{9671A316-2060-487C-A837-BCC085B97485}"
EndProject
Project("{8BC9CEB8-8B4A-11D0-8D11-00A0C91BC942}") = "06d2dcircle", "06d2dcircle\06d2dcircle.vcxproj", "{6EB2475F-85DE-4345-8DE8-B9BBFEC5891C}"
EndProject
Project("{8BC9CEB8-8B4A-11D0-8D11-00A0C91BC942}") = "07keystroke", "07keystroke\07keystroke.vcxproj", "{C5F8B1E7-31CB-45B7-8012-B4D7DB05A008}"
EndProject
Project("{8BC9CEB8-8B4A-11D0-8D11-00A0C91BC942}") = "08d2dcircle", "08d2dcircle\08d2dcircle.vcxproj", "{B5CE4CC0-2C87-499D-B400-1F162EC2060F}"
EndProject
Global
	GlobalSection(SolutionConfigurationPlatforms) = preSolution
		Debug|ARM = Debug|ARM
		Debug|ARM64 = Debug|ARM64
		Debug|x64 = Debug|x64
		Debug|x86 = Debug|x86
		Release|ARM = Release|ARM
		Release|ARM64 = Release|ARM64
		Release|x64 = Release|x64
		Release|x86 = Release|x86
	EndGlobalSection
	GlobalSection(ProjectConfigurationPlatforms) = postSolution
		{548E7575-E985-4148-83D4-A432489DEC63}.Debug|ARM.ActiveCfg = Debug|Win32
		{548E7575-E985-4148-83D4-A432489DEC63}.Debug|ARM64.ActiveCfg = Debug|Win32
		{548E7575-E985-4148-83D4-A432489DEC63}.Debug|x64.ActiveCfg = Debug|x64
		{548E7575-E985-4148-83D4-A432489DEC63}.Debug|x64.Build.0 = Debug|x64
		{548E7575-E985-4148-83D4-A432489DEC63}.Debug|x86.ActiveCfg = Debug|Win32
		{548E7575-E985-4148-83D4-A432489DEC63}.Debug|x86.Build.0 = Debug|Win32
		{548E7575-E985-4148-83D4-A432489DEC63}.Release|ARM.ActiveCfg = Release|Win32
		{548E7575-E985-4148-83D4-A432489DEC63}.Release|ARM64.ActiveCfg = Release|Win32
		{548E7575-E985-4148-83D4-A432489DEC63}.Release|x64.ActiveCfg = Release|x64
		{548E7575-E985-4148-83D4-A432489DEC63}.Release|x64.Build.0 = Release|x64
		{548E7575-E985-4148-83D4-A432489DEC63}.Release|x86.ActiveCfg = Release|Win32
		{548E7575-E985-4148-83D4-A432489DEC63}.Release|x86.Build.0 = Release|Win32
		{166AC195-48BC-4794-BD74-BD627DD98BF9}.Debug|ARM.ActiveCfg = Debug|Win32
		{166AC195-48BC-4794-BD74-BD627DD98BF9}.Debug|ARM64.ActiveCfg = Debug|Win32
		{166AC195-48BC-4794-BD74-BD627DD98BF9}.Debug|x64.ActiveCfg = Debug|x64
		{166AC195-48BC-4794-BD74-BD627DD98BF9}.Debug|x64.Build.0 = Debug|x64
		{166AC195-48BC-4794-BD74-BD627DD98BF9}.Debug|x86.ActiveCfg = Debug|Win32
		{166AC195-48BC-4794-BD74-BD627DD98BF9}.Debug|x86.Build.0 = Debug|Win32
		{166AC195-48BC-4794-BD74-BD627DD98BF9}.Release|ARM.ActiveCfg = Release|Win32
		{166AC195-48BC-4794-BD74-BD627DD98BF9}.Release|ARM64.ActiveCfg = Release|Win32
		{166AC195-48BC-4794-BD74-BD627DD98BF9}.Release|x64.ActiveCfg = Release|x64
		{166AC195-48BC-4794-BD74-BD627DD98BF9}.Release|x64.Build.0 = Release|x64
		{166AC195-48BC-4794-BD74-BD627DD98BF9}.Release|x86.ActiveCfg = Release|Win32
		{166AC195-48BC-4794-BD74-BD627DD98BF9}.Release|x86.Build.0 = Release|Win32
		{F9F0E6CE-3CF6-4315-BF77-B1D15B0B2965}.Debug|ARM.ActiveCfg = Debug|Win32
		{F9F0E6CE-3CF6-4315-BF77-B1D15B0B2965}.Debug|ARM64.ActiveCfg = Debug|Win32
		{F9F0E6CE-3CF6-4315-BF77-B1D15B0B2965}.Debug|x64.ActiveCfg = Debug|x64
		{F9F0E6CE-3CF6-4315-BF77-B1D15B0B2965}.Debug|x64.Build.0 = Debug|x64
		{F9F0E6CE-3CF6-4315-BF77-B1D15B0B2965}.Debug|x86.ActiveCfg = Debug|Win32
		{F9F0E6CE-3CF6-4315-BF77-B1D15B0B2965}.Debug|x86.Build.0 = Debug|Win32
		{F9F0E6CE-3CF6-4315-BF77-B1D15B0B2965}.Release|ARM.ActiveCfg = Release|Win32
		{F9F0E6CE-3CF6-4315-BF77-B1D15B0B2965}.Release|ARM64.ActiveCfg = Release|Win32
		{F9F0E6CE-3CF6-4315-BF77-B1D15B0B2965}.Release|x64.ActiveCfg = Release|x64
		{F9F0E6CE-3CF6-4315-BF77-B1D15B0B2965}.Release|x64.Build.0 = Release|x64
		{F9F0E6CE-3CF6-4315-BF77-B1D15B0B2965}.Release|x86.ActiveCfg = Release|Win32
		{F9F0E6CE-3CF6-4315-BF77-B1D15B0B2965}.Release|x86.Build.0 = Release|Win32
		{9A063B6C-84E7-4ECF-92C5-8F9D9EE75D05}.Debug|ARM.ActiveCfg = Debug|Win32
		{9A063B6C-84E7-4ECF-92C5-8F9D9EE75D05}.Debug|ARM64.ActiveCfg = Debug|Win32
		{9A063B6C-84E7-4ECF-92C5-8F9D9EE75D05}.Debug|x64.ActiveCfg = Debug|x64
		{9A063B6C-84E7-4ECF-92C5-8F9D9EE75D05}.Debug|x64.Build.0 = Debug|x64
		{9A063B6C-84E7-4ECF-92C5-8F9D9EE75D05}.Debug|x86.ActiveCfg = Debug|Win32
		{9A063B6C-84E7-4ECF-92C5-8F9D9EE75D05}.Debug|x86.Build.0 = Debug|Win32
		{9A063B6C-84E7-4ECF-92C5-8F9D9EE75D05}.Release|ARM.ActiveCfg = Release|Win32
		{9A063B6C-84E7-4ECF-92C5-8F9D9EE75D05}.Release|ARM64.ActiveCfg = Release|Win32
		{9A063B6C-84E7-4ECF-92C5-8F9D9EE75D05}.Release|x64.ActiveCfg = Release|x64
		{9A063B6C-84E7-4ECF-92C5-8F9D9EE75D05}.Release|x64.Build.0 = Release|x64
		{9A063B6C-84E7-4ECF-92C5-8F9D9EE75D05}.Release|x86.ActiveCfg = Release|Win32
		{9A063B6C-84E7-4ECF-92C5-8F9D9EE75D05}.Release|x86.Build.0 = Release|Win32
		{D43D6A22-8C21-43FB-9648-AA7706EFC1AC}.Debug|ARM.ActiveCfg = Debug|Win32
		{D43D6A22-8C21-43FB-9648-AA7706EFC1AC}.Debug|ARM64.ActiveCfg = Debug|Win32
		{D43D6A22-8C21-43FB-9648-AA7706EFC1AC}.Debug|x64.ActiveCfg = Debug|x64
		{D43D6A22-8C21-43FB-9648-AA7706EFC1AC}.Debug|x64.Build.0 = Debug|x64
		{D43D6A22-8C21-43FB-9648-AA7706EFC1AC}.Debug|x86.ActiveCfg = Debug|Win32
		{D43D6A22-8C21-43FB-9648-AA7706EFC1AC}.Debug|x86.Build.0 = Debug|Win32
		{D43D6A22-8C21-43FB-9648-AA7706EFC1AC}.Release|ARM.ActiveCfg = Release|Win32
		{D43D6A22-8C21-43FB-9648-AA7706EFC1AC}.Release|ARM64.ActiveCfg = Release|Win32
		{D43D6A22-8C21-43FB-9648-AA7706EFC1AC}.Release|x64.ActiveCfg = Release|x64
		{D43D6A22-8C21-43FB-9648-AA7706EFC1AC}.Release|x64.Build.0 = Release|x64
		{D43D6A22-8C21-43FB-9648-AA7706EFC1AC}.Release|x86.ActiveCfg = Release|Win32
		{D43D6A22-8C21-43FB-9648-AA7706EFC1AC}.Release|x86.Build.0 = Release|Win32
		{9671A316-2060-487C-A837-BCC085B97485}.Debug|ARM.ActiveCfg = Debug|Win32
		{9671A316-2060-487C-A837-BCC085B97485}.Debug|ARM64.ActiveCfg = Debug|Win32
		{9671A316-2060-487C-A837-BCC085B97485}.Debug|x64.ActiveCfg = Debug|x64
		{9671A316-2060-487C-A837-BCC085B97485}.Debug|x64.Build.0 = Debug|x64
		{9671A316-2060-487C-A837-BCC085B97485}.Debug|x86.ActiveCfg = Debug|Win32
		{9671A316-2060-487C-A837-BCC085B97485}.Debug|x86.Build.0 = Debug|Win32
		{9671A316-2060-487C-A837-BCC085B97485}.Release|ARM.ActiveCfg = Release|Win32
		{9671A316-2060-487C-A837-BCC085B97485}.Release|ARM64.ActiveCfg = Release|Win32
		{9671A316-2060-487C-A837-BCC085B97485}.Release|x64.ActiveCfg = Release|x64
		{9671A316-2060-487C-A837-BCC085B97485}.Release|x64.Build.0 = Release|x64
		{9671A316-2060-487C-A837-BCC085B97485}.Release|x86.ActiveCfg = Release|Win32
		{9671A316-2060-487C-A837-BCC085B97485}.Release|x86.Build.0 = Release|Win32
		{6EB2475F-85DE-4345-8DE8-B9BBFEC5891C}.Debug|ARM.ActiveCfg = Debug|Win32
		{6EB2475F-85DE-4345-8DE8-B9BBFEC5891C}.Debug|ARM64.ActiveCfg = Debug|Win32
		{6EB2475F-85DE-4345-8DE8-B9BBFEC5891C}.Debug|x64.ActiveCfg = Debug|x64
		{6EB2475F-85DE-4345-8DE8-B9BBFEC5891C}.Debug|x64.Build.0 = Debug|x64
		{6EB2475F-85DE-4345-8DE8-B9BBFEC5891C}.Debug|x86.ActiveCfg = Debug|Win32
		{6EB2475F-85DE-4345-8DE8-B9BBFEC5891C}.Debug|x86.Build.0 = Debug|Win32
		{6EB2475F-85DE-4345-8DE8-B9BBFEC5891C}.Release|ARM.ActiveCfg = Release|Win32
		{6EB2475F-85DE-4345-8DE8-B9BBFEC5891C}.Release|ARM64.ActiveCfg = Release|Win32
		{6EB2475F-85DE-4345-8DE8-B9BBFEC5891C}.Release|x64.ActiveCfg = Release|x64
		{6EB2475F-85DE-4345-8DE8-B9BBFEC5891C}.Release|x64.Build.0 = Release|x64
		{6EB2475F-85DE-4345-8DE8-B9BBFEC5891C}.Release|x86.ActiveCfg = Release|Win32
		{6EB2475F-85DE-4345-8DE8-B9BBFEC5891C}.Release|x86.Build.0 = Release|Win32
		{C5F8B1E7-31CB-45B7-8012-B4D7DB05A008}.Debug|ARM.ActiveCfg = Debug|Win32
		{C5F8B1E7-31CB-45B7-8012-B4D7DB05A008}.Debug|ARM64.ActiveCfg = Debug|Win32
		{C5F8B1E7-31CB-45B7-8012-B4D7DB05A008}.Debug|x64.ActiveCfg = Debug|x64
		{C5F8B1E7-31CB-45B7-8012-B4D7DB05A008}.Debug|x64.Build.0 = Debug|x64
		{C5F8B1E7-31CB-45B7-8012-B4D7DB05A008}.Debug|x86.ActiveCfg = Debug|Win32
		{C5F8B1E7-31CB-45B7-8012-B4D7DB05A008}.Debug|x86.Build.0 = Debug|Win32
		{C5F8B1E7-31CB-45B7-8012-B4D7DB05A008}.Release|ARM.ActiveCfg = Release|Win32
		{C5F8B1E7-31CB-45B7-8012-B4D7DB05A008}.Release|ARM64.ActiveCfg = Release|Win32
		{C5F8B1E7-31CB-45B7-8012-B4D7DB05A008}.Release|x64.ActiveCfg = Release|x64
		{C5F8B1E7-31CB-45B7-8012-B4D7DB05A008}.Release|x64.Build.0 = Release|x64
		{C5F8B1E7-31CB-45B7-8012-B4D7DB05A008}.Release|x86.ActiveCfg = Release|Win32
		{C5F8B1E7-31CB-45B7-8012-B4D7DB05A008}.Release|x86.Build.0 = Release|Win32
		{B5CE4CC0-2C87-499D-B400-1F162EC2060F}.Debug|ARM.ActiveCfg = Debug|Win32
		{B5CE4CC0-2C87-499D-B400-1F162EC2060F}.Debug|ARM64.ActiveCfg = Debug|Win32
		{B5CE4CC0-2C87-499D-B400-1F162EC2060F}.Debug|x64.ActiveCfg = Debug|x64
		{B5CE4CC0-2C87-499D-B400-1F162EC2060F}.Debug|x64.Build.0 = Debug|x64
		{B5CE4CC0-2C87-499D-B400-1F162EC2060F}.Debug|x86.ActiveCfg = Debug|Win32
		{B5CE4CC0-2C87-499D-B400-1F162EC2060F}.Debug|x86.Build.0 = Debug|Win32
		{B5CE4CC0-2C87-499D-B400-1F162EC2060F}.Release|ARM.ActiveCfg = Release|Win32
		{B5CE4CC0-2C87-499D-B400-1F162EC2060F}.Release|ARM64.ActiveCfg = Release|Win32
		{B5CE4CC0-2C87-499D-B400-1F162EC2060F}.Release|x64.ActiveCfg = Release|x64
		{B5CE4CC0-2C87-499D-B400-1F162EC2060F}.Release|x64.Build.0 = Release|x64
		{B5CE4CC0-2C87-499D-B400-1F162EC2060F}.Release|x86.ActiveCfg = Release|Win32
		{B5CE4CC0-2C87-499D-B400-1F162EC2060F}.Release|x86.Build.0 = Release|Win32
	EndGlobalSection
	GlobalSection(SolutionProperties) = preSolution
		HideSolutionNode = FALSE
	EndGlobalSection
	GlobalSection(ExtensibilityGlobals) = postSolution
		SolutionGuid = {076C39E4-E209-420B-9115-0F5D3F6E8819}
	EndGlobalSection
EndGlobal
